
Microsoft Visual Studio Solution File, Format Version 12.00
# Visual Studio Version 17
VisualStudioVersion = 17.1.32421.90
MinimumVisualStudioVersion = 10.0.40219.1
Project("{9A19103F-16F7-4668-BE54-9A1E7A4F7556}") = "MyKitchen", "MyKitchen\MyKitchen.csproj", "{00D62A5E-67E4-487E-817C-4625D6BE6F27}"
EndProject
Project("{9A19103F-16F7-4668-BE54-9A1E7A4F7556}") = "MyKitchen.DataAccess", "MyKitchen.Data\MyKitchen.DataAccess.csproj", "{DFA447B4-CCB2-412D-A14A-60A363576430}"
EndProject
Project("{9A19103F-16F7-4668-BE54-9A1E7A4F7556}") = "MyKitchen.Models", "MyKitchen.Models\MyKitchen.Models.csproj", "{9E1CEA78-08A1-42DC-825D-EE44436EDDFF}"
EndProject
Project("{9A19103F-16F7-4668-BE54-9A1E7A4F7556}") = "MyKitchen.Utility", "MyKitchen.Utility\MyKitchen.Utility.csproj", "{55647D91-D106-4CBF-A9F7-AB6DD36BD796}"
EndProject
Global
	GlobalSection(SolutionConfigurationPlatforms) = preSolution
		Debug|Any CPU = Debug|Any CPU
		Release|Any CPU = Release|Any CPU
	EndGlobalSection
	GlobalSection(ProjectConfigurationPlatforms) = postSolution
		{00D62A5E-67E4-487E-817C-4625D6BE6F27}.Debug|Any CPU.ActiveCfg = Debug|Any CPU
		{00D62A5E-67E4-487E-817C-4625D6BE6F27}.Debug|Any CPU.Build.0 = Debug|Any CPU
		{00D62A5E-67E4-487E-817C-4625D6BE6F27}.Release|Any CPU.ActiveCfg = Release|Any CPU
		{00D62A5E-67E4-487E-817C-4625D6BE6F27}.Release|Any CPU.Build.0 = Release|Any CPU
		{DFA447B4-CCB2-412D-A14A-60A363576430}.Debug|Any CPU.ActiveCfg = Debug|Any CPU
		{DFA447B4-CCB2-412D-A14A-60A363576430}.Debug|Any CPU.Build.0 = Debug|Any CPU
		{DFA447B4-CCB2-412D-A14A-60A363576430}.Release|Any CPU.ActiveCfg = Release|Any CPU
		{DFA447B4-CCB2-412D-A14A-60A363576430}.Release|Any CPU.Build.0 = Release|Any CPU
		{9E1CEA78-08A1-42DC-825D-EE44436EDDFF}.Debug|Any CPU.ActiveCfg = Debug|Any CPU
		{9E1CEA78-08A1-42DC-825D-EE44436EDDFF}.Debug|Any CPU.Build.0 = Debug|Any CPU
		{9E1CEA78-08A1-42DC-825D-EE44436EDDFF}.Release|Any CPU.ActiveCfg = Release|Any CPU
		{9E1CEA78-08A1-42DC-825D-EE44436EDDFF}.Release|Any CPU.Build.0 = Release|Any CPU
		{55647D91-D106-4CBF-A9F7-AB6DD36BD796}.Debug|Any CPU.ActiveCfg = Debug|Any CPU
		{55647D91-D106-4CBF-A9F7-AB6DD36BD796}.Debug|Any CPU.Build.0 = Debug|Any CPU
		{55647D91-D106-4CBF-A9F7-AB6DD36BD796}.Release|Any CPU.ActiveCfg = Release|Any CPU
		{55647D91-D106-4CBF-A9F7-AB6DD36BD796}.Release|Any CPU.Build.0 = Release|Any CPU
	EndGlobalSection
	GlobalSection(SolutionProperties) = preSolution
		HideSolutionNode = FALSE
	EndGlobalSection
	GlobalSection(ExtensibilityGlobals) = postSolution
		SolutionGuid = {9A2FBE96-40F8-4C63-8AE9-31893C91D90D}
	EndGlobalSection
EndGlobal
